
Microsoft Visual Studio Solution File, Format Version 12.00
Project("{FAE04EC0-301F-11D3-BF4B-00C04F79EFBC}") = "Laboratorna_9_2", "Laboratorna_9_2\Laboratorna_9_2.csproj", "{8B1E88BF-EFEF-4875-9142-43CFF0E2F67C}"
EndProject
Project("{FAE04EC0-301F-11D3-BF4B-00C04F79EFBC}") = "Laboratorna_9_2.Tests", "Laboratorna_9_2.Tests\Laboratorna_9_2.Tests.csproj", "{988E7642-E17A-45F2-A0D4-55DE768574F9}"
EndProject
Global
	GlobalSection(SolutionConfigurationPlatforms) = preSolution
		Debug|Any CPU = Debug|Any CPU
		Release|Any CPU = Release|Any CPU
	EndGlobalSection
	GlobalSection(ProjectConfigurationPlatforms) = postSolution
		{8B1E88BF-EFEF-4875-9142-43CFF0E2F67C}.Debug|Any CPU.ActiveCfg = Debug|Any CPU
		{8B1E88BF-EFEF-4875-9142-43CFF0E2F67C}.Debug|Any CPU.Build.0 = Debug|Any CPU
		{8B1E88BF-EFEF-4875-9142-43CFF0E2F67C}.Release|Any CPU.ActiveCfg = Release|Any CPU
		{8B1E88BF-EFEF-4875-9142-43CFF0E2F67C}.Release|Any CPU.Build.0 = Release|Any CPU
		{988E7642-E17A-45F2-A0D4-55DE768574F9}.Debug|Any CPU.ActiveCfg = Debug|Any CPU
		{988E7642-E17A-45F2-A0D4-55DE768574F9}.Debug|Any CPU.Build.0 = Debug|Any CPU
		{988E7642-E17A-45F2-A0D4-55DE768574F9}.Release|Any CPU.ActiveCfg = Release|Any CPU
		{988E7642-E17A-45F2-A0D4-55DE768574F9}.Release|Any CPU.Build.0 = Release|Any CPU
	EndGlobalSection
EndGlobal
